PODS:
  - AppAuth (1.7.5):
    - AppAuth/Core (= 1.7.5)
    - AppAuth/ExternalUserAgent (= 1.7.5)
  - AppAuth/Core (1.7.5)
  - AppAuth/ExternalUserAgent (1.7.5):
    - AppAuth/Core
  - flutter_local_notifications (0.0.1):
    - FlutterMacOS
  - FlutterMacOS (1.0.0)
  - google_sign_in_ios (0.0.1):
    - AppAuth (>= 1.7.4)
    - Flutter
    - FlutterMacOS
    - GoogleSignIn (~> 7.1)
    - GTMSessionFetcher (>= 3.4.0)
  - GoogleSignIn (7.1.0):
    - AppAuth (< 2.0, >= 1.7.3)
    - GTMAppAuth (< 5.0, >= 4.1.1)
    - GTMSessionFetcher/Core (~> 3.3)
  - GTMAppAuth (4.1.1):
    - AppAuth/Core (~> 1.7)
    - GTMSessionFetcher/Core (< 4.0, >= 3.3)
  - GTMSessionFetcher (3.5.0):
    - GTMSessionFetcher/Full (= 3.5.0)
  - GTMSessionFetcher/Core (3.5.0)
  - GTMSessionFetcher/Full (3.5.0):
    - GTMSessionFetcher/Core
  - path_provider_foundation (0.0.1):
    - Flutter
    - FlutterMacOS
  - shared_preferences_foundation (0.0.1):
    - Flutter
    - FlutterMacOS
  - sqflite (0.0.3):
    - Flutter
    - FlutterMacOS
  - url_launcher_macos (0.0.1):
    - FlutterMacOS

DEPENDENCIES:
  - flutter_local_notifications (from `Flutter/ephemeral/.symlinks/plugins/flutter_local_notifications/macos`)
  - FlutterMacOS (from `Flutter/ephemeral`)
  - google_sign_in_ios (from `Flutter/ephemeral/.symlinks/plugins/google_sign_in_ios/darwin`)
  - path_provider_foundation (from `Flutter/ephemeral/.symlinks/plugins/path_provider_foundation/darwin`)
  - shared_preferences_foundation (from `Flutter/ephemeral/.symlinks/plugins/shared_preferences_foundation/darwin`)
  - sqflite (from `Flutter/ephemeral/.symlinks/plugins/sqflite/darwin`)
  - url_launcher_macos (from `Flutter/ephemeral/.symlinks/plugins/url_launcher_macos/macos`)

SPEC REPOS:
  trunk:
    - AppAuth
    - GoogleSignIn
    - GTMAppAuth
    - GTMSessionFetcher

EXTERNAL SOURCES:
  flutter_local_notifications:
    :path: Flutter/ephemeral/.symlinks/plugins/flutter_local_notifications/macos
  FlutterMacOS:
    :path: Flutter/ephemeral
  google_sign_in_ios:
    :path: Flutter/ephemeral/.symlinks/plugins/google_sign_in_ios/darwin
  path_provider_foundation:
    :path: Flutter/ephemeral/.symlinks/plugins/path_provider_foundation/darwin
  shared_preferences_foundation:
    :path: Flutter/ephemeral/.symlinks/plugins/shared_preferences_foundation/darwin
  sqflite:
    :path: Flutter/ephemeral/.symlinks/plugins/sqflite/darwin
  url_launcher_macos:
    :path: Flutter/ephemeral/.symlinks/plugins/url_launcher_macos/macos

SPEC CHECKSUMS:
  AppAuth: 501c04eda8a8d11f179dbe8637b7a91bb7e5d2fa
  flutter_local_notifications: 3805ca215b2fb7f397d78b66db91f6a747af52e4
  FlutterMacOS: 8f6f14fa908a6fb3fba0cd85dbd81ec4b251fb24
  google_sign_in_ios: 07375bfbf2620bc93a602c0e27160d6afc6ead38
  GoogleSignIn: d4281ab6cf21542b1cfaff85c191f230b399d2db
  GTMAppAuth: f69bd07d68cd3b766125f7e072c45d7340dea0de
  GTMSessionFetcher: 5aea5ba6bd522a239e236100971f10cb71b96ab6
  path_provider_foundation: 2b6b4c569c0fb62ec74538f866245ac84301af46
  shared_preferences_foundation: fcdcbc04712aee1108ac7fda236f363274528f78
  sqflite: 673a0e54cc04b7d6dba8d24fb8095b31c3a99eec
  url_launcher_macos: 5f437abeda8c85500ceb03f5c1938a8c5a705399

PODFILE CHECKSUM: 4062a5d7621e35b4f677b9e411c2714a4f99d4c2

COCOAPODS: 1.15.2
